
Microsoft Visual Studio Solution File, Format Version 12.00
# Visual Studio Version 17
VisualStudioVersion = 17.9.34723.18
MinimumVisualStudioVersion = 10.0.40219.1
Project("{FAE04EC0-301F-11D3-BF4B-00C04F79EFBC}") = "Projeto Banco", "Projeto Banco\Projeto Banco.csproj", "{A17CF512-6530-49B7-B8EE-0C964B9BCEC0}"
EndProject
Global
	GlobalSection(SolutionConfigurationPlatforms) = preSolution
		Debug|Any CPU = Debug|Any CPU
		Release|Any CPU = Release|Any CPU
	EndGlobalSection
	GlobalSection(ProjectConfigurationPlatforms) = postSolution
		{A17CF512-6530-49B7-B8EE-0C964B9BCEC0}.Debug|Any CPU.ActiveCfg = Debug|Any CPU
		{A17CF512-6530-49B7-B8EE-0C964B9BCEC0}.Debug|Any CPU.Build.0 = Debug|Any CPU
		{A17CF512-6530-49B7-B8EE-0C964B9BCEC0}.Release|Any CPU.ActiveCfg = Release|Any CPU
		{A17CF512-6530-49B7-B8EE-0C964B9BCEC0}.Release|Any CPU.Build.0 = Release|Any CPU
	EndGlobalSection
	GlobalSection(SolutionProperties) = preSolution
		HideSolutionNode = FALSE
	EndGlobalSection
	GlobalSection(ExtensibilityGlobals) = postSolution
		SolutionGuid = {CAFC2DDD-9249-44F5-BC4C-97A7CDAC5664}
	EndGlobalSection
EndGlobal
